
Microsoft Visual Studio Solution File, Format Version 12.00
# Visual Studio 14
VisualStudioVersion = 14.0.25420.1
MinimumVisualStudioVersion = 10.0.40219.1
Project("{F184B08F-C81C-45F6-A57F-5ABD9991F28F}") = "GoalLineStandFootball", "WPFFootball\GoalLineStandFootball.vbproj", "{AE02CE8F-1DC7-415B-908D-8BB9DE679E51}"
	ProjectSection(ProjectDependencies) = postProject
		{DAEA933C-6441-46A4-9F89-B012BAE9A27A} = {DAEA933C-6441-46A4-9F89-B012BAE9A27A}
		{3ED11144-74A7-48CA-BA2A-C3B159F04E19} = {3ED11144-74A7-48CA-BA2A-C3B159F04E19}
		{9FCEFA45-842D-4C59-A1FD-35FD5E1BC55F} = {9FCEFA45-842D-4C59-A1FD-35FD5E1BC55F}
		{9C902E87-3016-425F-A581-95DFDCE5BD7F} = {9C902E87-3016-425F-A581-95DFDCE5BD7F}
		{DEA6FB90-3130-4C77-991D-1B43F29F3E9B} = {DEA6FB90-3130-4C77-991D-1B43F29F3E9B}
		{3A3EBCAB-97D5-49D5-8592-E754B1379384} = {3A3EBCAB-97D5-49D5-8592-E754B1379384}
	EndProjectSection
EndProject
Project("{F184B08F-C81C-45F6-A57F-5ABD9991F28F}") = "Mersenne", "Random\Random\Mersenne.vbproj", "{9FCEFA45-842D-4C59-A1FD-35FD5E1BC55F}"
EndProject
Project("{FAE04EC0-301F-11D3-BF4B-00C04F79EFBC}") = "AIEvaluation", "AIEvaluation\AIEvaluation.csproj", "{3ED11144-74A7-48CA-BA2A-C3B159F04E19}"
EndProject
Project("{F184B08F-C81C-45F6-A57F-5ABD9991F28F}") = "Generation", "Generation\Generation\Generation.vbproj", "{DAEA933C-6441-46A4-9F89-B012BAE9A27A}"
EndProject
Project("{F184B08F-C81C-45F6-A57F-5ABD9991F28F}") = "GlobalResources", "GlobalResources\GlobalResources.vbproj", "{1DD3F2D7-795B-4C6F-A609-C8E626A6D542}"
EndProject
Project("{F184B08F-C81C-45F6-A57F-5ABD9991F28F}") = "LeagueCalendar", "LeagueCalendar\LeagueCalendar\LeagueCalendar.vbproj", "{9C902E87-3016-425F-A581-95DFDCE5BD7F}"
EndProject
Project("{F184B08F-C81C-45F6-A57F-5ABD9991F28F}") = "NFL Draft", "NFL Draft\NFL Draft\NFL Draft.vbproj", "{DEA6FB90-3130-4C77-991D-1B43F29F3E9B}"
EndProject
Project("{F184B08F-C81C-45F6-A57F-5ABD9991F28F}") = "NFLScheduler", "NFLScheduler\NFLScheduler\NFLScheduler.vbproj", "{3A3EBCAB-97D5-49D5-8592-E754B1379384}"
EndProject
Project("{F184B08F-C81C-45F6-A57F-5ABD9991F28F}") = "SQLFunctions", "SQLFunctions\SQLFunctions\SQLFunctions.vbproj", "{5A4A94C5-FC1D-4301-A83F-810D1961F4BA}"
EndProject
Global
	GlobalSection(SolutionConfigurationPlatforms) = preSolution
		Debug|Any CPU = Debug|Any CPU
		Debug|x64 = Debug|x64
		Debug|x86 = Debug|x86
		Release|Any CPU = Release|Any CPU
		Release|x64 = Release|x64
		Release|x86 = Release|x86
	EndGlobalSection
	GlobalSection(ProjectConfigurationPlatforms) = postSolution
		{AE02CE8F-1DC7-415B-908D-8BB9DE679E51}.Debug|Any CPU.ActiveCfg = Debug|Any CPU
		{AE02CE8F-1DC7-415B-908D-8BB9DE679E51}.Debug|Any CPU.Build.0 = Debug|Any CPU
		{AE02CE8F-1DC7-415B-908D-8BB9DE679E51}.Debug|x64.ActiveCfg = Debug|Any CPU
		{AE02CE8F-1DC7-415B-908D-8BB9DE679E51}.Debug|x64.Build.0 = Debug|Any CPU
		{AE02CE8F-1DC7-415B-908D-8BB9DE679E51}.Debug|x86.ActiveCfg = Debug|x86
		{AE02CE8F-1DC7-415B-908D-8BB9DE679E51}.Debug|x86.Build.0 = Debug|x86
		{AE02CE8F-1DC7-415B-908D-8BB9DE679E51}.Release|Any CPU.ActiveCfg = Release|Any CPU
		{AE02CE8F-1DC7-415B-908D-8BB9DE679E51}.Release|Any CPU.Build.0 = Release|Any CPU
		{AE02CE8F-1DC7-415B-908D-8BB9DE679E51}.Release|x64.ActiveCfg = Release|x64
		{AE02CE8F-1DC7-415B-908D-8BB9DE679E51}.Release|x64.Build.0 = Release|x64
		{AE02CE8F-1DC7-415B-908D-8BB9DE679E51}.Release|x86.ActiveCfg = Release|x86
		{AE02CE8F-1DC7-415B-908D-8BB9DE679E51}.Release|x86.Build.0 = Release|x86
		{9FCEFA45-842D-4C59-A1FD-35FD5E1BC55F}.Debug|Any CPU.ActiveCfg = Debug|Any CPU
		{9FCEFA45-842D-4C59-A1FD-35FD5E1BC55F}.Debug|Any CPU.Build.0 = Debug|Any CPU
		{9FCEFA45-842D-4C59-A1FD-35FD5E1BC55F}.Debug|x64.ActiveCfg = Debug|Any CPU
		{9FCEFA45-842D-4C59-A1FD-35FD5E1BC55F}.Debug|x64.Build.0 = Debug|Any CPU
		{9FCEFA45-842D-4C59-A1FD-35FD5E1BC55F}.Debug|x86.ActiveCfg = Debug|x86
		{9FCEFA45-842D-4C59-A1FD-35FD5E1BC55F}.Debug|x86.Build.0 = Debug|x86
		{9FCEFA45-842D-4C59-A1FD-35FD5E1BC55F}.Release|Any CPU.ActiveCfg = Release|Any CPU
		{9FCEFA45-842D-4C59-A1FD-35FD5E1BC55F}.Release|Any CPU.Build.0 = Release|Any CPU
		{9FCEFA45-842D-4C59-A1FD-35FD5E1BC55F}.Release|x64.ActiveCfg = Release|Any CPU
		{9FCEFA45-842D-4C59-A1FD-35FD5E1BC55F}.Release|x64.Build.0 = Release|Any CPU
		{9FCEFA45-842D-4C59-A1FD-35FD5E1BC55F}.Release|x86.ActiveCfg = Release|x86
		{9FCEFA45-842D-4C59-A1FD-35FD5E1BC55F}.Release|x86.Build.0 = Release|x86
		{3ED11144-74A7-48CA-BA2A-C3B159F04E19}.Debug|Any CPU.ActiveCfg = Debug|Any CPU
		{3ED11144-74A7-48CA-BA2A-C3B159F04E19}.Debug|Any CPU.Build.0 = Debug|Any CPU
		{3ED11144-74A7-48CA-BA2A-C3B159F04E19}.Debug|x64.ActiveCfg = Debug|Any CPU
		{3ED11144-74A7-48CA-BA2A-C3B159F04E19}.Debug|x64.Build.0 = Debug|Any CPU
		{3ED11144-74A7-48CA-BA2A-C3B159F04E19}.Debug|x86.ActiveCfg = Debug|x86
		{3ED11144-74A7-48CA-BA2A-C3B159F04E19}.Debug|x86.Build.0 = Debug|x86
		{3ED11144-74A7-48CA-BA2A-C3B159F04E19}.Release|Any CPU.ActiveCfg = Release|Any CPU
		{3ED11144-74A7-48CA-BA2A-C3B159F04E19}.Release|Any CPU.Build.0 = Release|Any CPU
		{3ED11144-74A7-48CA-BA2A-C3B159F04E19}.Release|x64.ActiveCfg = Release|Any CPU
		{3ED11144-74A7-48CA-BA2A-C3B159F04E19}.Release|x64.Build.0 = Release|Any CPU
		{3ED11144-74A7-48CA-BA2A-C3B159F04E19}.Release|x86.ActiveCfg = Release|x86
		{3ED11144-74A7-48CA-BA2A-C3B159F04E19}.Release|x86.Build.0 = Release|x86
		{DAEA933C-6441-46A4-9F89-B012BAE9A27A}.Debug|Any CPU.ActiveCfg = Debug|Any CPU
		{DAEA933C-6441-46A4-9F89-B012BAE9A27A}.Debug|Any CPU.Build.0 = Debug|Any CPU
		{DAEA933C-6441-46A4-9F89-B012BAE9A27A}.Debug|x64.ActiveCfg = Debug|Any CPU
		{DAEA933C-6441-46A4-9F89-B012BAE9A27A}.Debug|x64.Build.0 = Debug|Any CPU
		{DAEA933C-6441-46A4-9F89-B012BAE9A27A}.Debug|x86.ActiveCfg = Debug|x86
		{DAEA933C-6441-46A4-9F89-B012BAE9A27A}.Debug|x86.Build.0 = Debug|x86
		{DAEA933C-6441-46A4-9F89-B012BAE9A27A}.Release|Any CPU.ActiveCfg = Release|Any CPU
		{DAEA933C-6441-46A4-9F89-B012BAE9A27A}.Release|Any CPU.Build.0 = Release|Any CPU
		{DAEA933C-6441-46A4-9F89-B012BAE9A27A}.Release|x64.ActiveCfg = Release|Any CPU
		{DAEA933C-6441-46A4-9F89-B012BAE9A27A}.Release|x64.Build.0 = Release|Any CPU
		{DAEA933C-6441-46A4-9F89-B012BAE9A27A}.Release|x86.ActiveCfg = Release|x86
		{DAEA933C-6441-46A4-9F89-B012BAE9A27A}.Release|x86.Build.0 = Release|x86
		{1DD3F2D7-795B-4C6F-A609-C8E626A6D542}.Debug|Any CPU.ActiveCfg = Debug|Any CPU
		{1DD3F2D7-795B-4C6F-A609-C8E626A6D542}.Debug|Any CPU.Build.0 = Debug|Any CPU
		{1DD3F2D7-795B-4C6F-A609-C8E626A6D542}.Debug|x64.ActiveCfg = Debug|Any CPU
		{1DD3F2D7-795B-4C6F-A609-C8E626A6D542}.Debug|x64.Build.0 = Debug|Any CPU
		{1DD3F2D7-795B-4C6F-A609-C8E626A6D542}.Debug|x86.ActiveCfg = Debug|x86
		{1DD3F2D7-795B-4C6F-A609-C8E626A6D542}.Debug|x86.Build.0 = Debug|x86
		{1DD3F2D7-795B-4C6F-A609-C8E626A6D542}.Release|Any CPU.ActiveCfg = Release|Any CPU
		{1DD3F2D7-795B-4C6F-A609-C8E626A6D542}.Release|Any CPU.Build.0 = Release|Any CPU
		{1DD3F2D7-795B-4C6F-A609-C8E626A6D542}.Release|x64.ActiveCfg = Release|Any CPU
		{1DD3F2D7-795B-4C6F-A609-C8E626A6D542}.Release|x64.Build.0 = Release|Any CPU
		{1DD3F2D7-795B-4C6F-A609-C8E626A6D542}.Release|x86.ActiveCfg = Release|x86
		{1DD3F2D7-795B-4C6F-A609-C8E626A6D542}.Release|x86.Build.0 = Release|x86
		{9C902E87-3016-425F-A581-95DFDCE5BD7F}.Debug|Any CPU.ActiveCfg = Debug|Any CPU
		{9C902E87-3016-425F-A581-95DFDCE5BD7F}.Debug|Any CPU.Build.0 = Debug|Any CPU
		{9C902E87-3016-425F-A581-95DFDCE5BD7F}.Debug|x64.ActiveCfg = Debug|Any CPU
		{9C902E87-3016-425F-A581-95DFDCE5BD7F}.Debug|x64.Build.0 = Debug|Any CPU
		{9C902E87-3016-425F-A581-95DFDCE5BD7F}.Debug|x86.ActiveCfg = Debug|x86
		{9C902E87-3016-425F-A581-95DFDCE5BD7F}.Debug|x86.Build.0 = Debug|x86
		{9C902E87-3016-425F-A581-95DFDCE5BD7F}.Release|Any CPU.ActiveCfg = Release|Any CPU
		{9C902E87-3016-425F-A581-95DFDCE5BD7F}.Release|Any CPU.Build.0 = Release|Any CPU
		{9C902E87-3016-425F-A581-95DFDCE5BD7F}.Release|x64.ActiveCfg = Release|Any CPU
		{9C902E87-3016-425F-A581-95DFDCE5BD7F}.Release|x64.Build.0 = Release|Any CPU
		{9C902E87-3016-425F-A581-95DFDCE5BD7F}.Release|x86.ActiveCfg = Release|x86
		{9C902E87-3016-425F-A581-95DFDCE5BD7F}.Release|x86.Build.0 = Release|x86
		{DEA6FB90-3130-4C77-991D-1B43F29F3E9B}.Debug|Any CPU.ActiveCfg = Debug|Any CPU
		{DEA6FB90-3130-4C77-991D-1B43F29F3E9B}.Debug|Any CPU.Build.0 = Debug|Any CPU
		{DEA6FB90-3130-4C77-991D-1B43F29F3E9B}.Debug|x64.ActiveCfg = Debug|Any CPU
		{DEA6FB90-3130-4C77-991D-1B43F29F3E9B}.Debug|x64.Build.0 = Debug|Any CPU
		{DEA6FB90-3130-4C77-991D-1B43F29F3E9B}.Debug|x86.ActiveCfg = Debug|x86
		{DEA6FB90-3130-4C77-991D-1B43F29F3E9B}.Debug|x86.Build.0 = Debug|x86
		{DEA6FB90-3130-4C77-991D-1B43F29F3E9B}.Release|Any CPU.ActiveCfg = Release|Any CPU
		{DEA6FB90-3130-4C77-991D-1B43F29F3E9B}.Release|Any CPU.Build.0 = Release|Any CPU
		{DEA6FB90-3130-4C77-991D-1B43F29F3E9B}.Release|x64.ActiveCfg = Release|Any CPU
		{DEA6FB90-3130-4C77-991D-1B43F29F3E9B}.Release|x64.Build.0 = Release|Any CPU
		{DEA6FB90-3130-4C77-991D-1B43F29F3E9B}.Release|x86.ActiveCfg = Release|x86
		{DEA6FB90-3130-4C77-991D-1B43F29F3E9B}.Release|x86.Build.0 = Release|x86
		{3A3EBCAB-97D5-49D5-8592-E754B1379384}.Debug|Any CPU.ActiveCfg = Debug|Any CPU
		{3A3EBCAB-97D5-49D5-8592-E754B1379384}.Debug|Any CPU.Build.0 = Debug|Any CPU
		{3A3EBCAB-97D5-49D5-8592-E754B1379384}.Debug|x64.ActiveCfg = Debug|Any CPU
		{3A3EBCAB-97D5-49D5-8592-E754B1379384}.Debug|x64.Build.0 = Debug|Any CPU
		{3A3EBCAB-97D5-49D5-8592-E754B1379384}.Debug|x86.ActiveCfg = Debug|x86
		{3A3EBCAB-97D5-49D5-8592-E754B1379384}.Debug|x86.Build.0 = Debug|x86
		{3A3EBCAB-97D5-49D5-8592-E754B1379384}.Release|Any CPU.ActiveCfg = Release|Any CPU
		{3A3EBCAB-97D5-49D5-8592-E754B1379384}.Release|Any CPU.Build.0 = Release|Any CPU
		{3A3EBCAB-97D5-49D5-8592-E754B1379384}.Release|x64.ActiveCfg = Release|Any CPU
		{3A3EBCAB-97D5-49D5-8592-E754B1379384}.Release|x64.Build.0 = Release|Any CPU
		{3A3EBCAB-97D5-49D5-8592-E754B1379384}.Release|x86.ActiveCfg = Release|x86
		{3A3EBCAB-97D5-49D5-8592-E754B1379384}.Release|x86.Build.0 = Release|x86
		{5A4A94C5-FC1D-4301-A83F-810D1961F4BA}.Debug|Any CPU.ActiveCfg = Debug|Any CPU
		{5A4A94C5-FC1D-4301-A83F-810D1961F4BA}.Debug|Any CPU.Build.0 = Debug|Any CPU
		{5A4A94C5-FC1D-4301-A83F-810D1961F4BA}.Debug|x64.ActiveCfg = Debug|Any CPU
		{5A4A94C5-FC1D-4301-A83F-810D1961F4BA}.Debug|x64.Build.0 = Debug|Any CPU
		{5A4A94C5-FC1D-4301-A83F-810D1961F4BA}.Debug|x86.ActiveCfg = Debug|x86
		{5A4A94C5-FC1D-4301-A83F-810D1961F4BA}.Debug|x86.Build.0 = Debug|x86
		{5A4A94C5-FC1D-4301-A83F-810D1961F4BA}.Release|Any CPU.ActiveCfg = Release|Any CPU
		{5A4A94C5-FC1D-4301-A83F-810D1961F4BA}.Release|Any CPU.Build.0 = Release|Any CPU
		{5A4A94C5-FC1D-4301-A83F-810D1961F4BA}.Release|x64.ActiveCfg = Release|Any CPU
		{5A4A94C5-FC1D-4301-A83F-810D1961F4BA}.Release|x64.Build.0 = Release|Any CPU
		{5A4A94C5-FC1D-4301-A83F-810D1961F4BA}.Release|x86.ActiveCfg = Release|x86
		{5A4A94C5-FC1D-4301-A83F-810D1961F4BA}.Release|x86.Build.0 = Release|x86
	EndGlobalSection
	GlobalSection(SolutionProperties) = preSolution
		HideSolutionNode = FALSE
	EndGlobalSection
EndGlobal
